
Microsoft Visual Studio Solution File, Format Version 12.00
# Visual Studio Version 16
VisualStudioVersion = 16.0.31005.135
MinimumVisualStudioVersion = 10.0.40219.1
Project("{2150E333-8FDC-42A3-9474-1A3956D46DE8}") = "LinkedList", "LinkedList", "{9B7E6B5C-BFA7-4BB6-A6FA-6F8238561E22}"
EndProject
Project("{9A19103F-16F7-4668-BE54-9A1E7A4F7556}") = "0021-Merge-Two-Sorted-List", "0021-Merge-Two-Sorted-List\0021-Merge-Two-Sorted-List.csproj", "{E6E8761E-1185-4BD0-9462-EAE1A3183312}"
EndProject
Project("{9A19103F-16F7-4668-BE54-9A1E7A4F7556}") = "ShareLib", "ShareLib\ShareLib.csproj", "{6387A1C7-0AE9-4D3E-B579-D463C3C524EF}"
EndProject
Project("{9A19103F-16F7-4668-BE54-9A1E7A4F7556}") = "0083-Remove-Duplicates-From-Sorted-List", "0083-Remove-Duplicates-From-Sorted-List\0083-Remove-Duplicates-From-Sorted-List.csproj", "{6069B1FD-2580-4742-A17D-50AD4C897E8D}"
EndProject
Project("{9A19103F-16F7-4668-BE54-9A1E7A4F7556}") = "0141-Linked-List-Cycle", "0141-Linked-List-Cycle\0141-Linked-List-Cycle.csproj", "{69063302-848D-4AA0-B989-441367AD930D}"
EndProject
Project("{9A19103F-16F7-4668-BE54-9A1E7A4F7556}") = "0160-Intersection-Of-Two-Linked-Lists", "0160-Intersection-Of-Two-Linked-Lists\0160-Intersection-Of-Two-Linked-Lists.csproj", "{46355770-F01A-43F1-A256-C207112E8FFC}"
EndProject
Project("{9A19103F-16F7-4668-BE54-9A1E7A4F7556}") = "0203-Remove-Linked-List-Elements", "0203-Remove-Linked-List-Elements\0203-Remove-Linked-List-Elements.csproj", "{C86A7299-BA1B-48C9-BB92-16DAD9B0EFF8}"
EndProject
Project("{9A19103F-16F7-4668-BE54-9A1E7A4F7556}") = "0206-Reverse-Linked-List", "0206-Reverse-Linked-List\0206-Reverse-Linked-List.csproj", "{97970BB7-F688-4CA4-A8F2-9938C13B66F9}"
EndProject
Project("{9A19103F-16F7-4668-BE54-9A1E7A4F7556}") = "0234-Palindrome-Linked-List", "0234-Palindrome-Linked-List\0234-Palindrome-Linked-List.csproj", "{6FB81A9B-AEAD-4A24-B4FC-8FB661A0441D}"
EndProject
Project("{9A19103F-16F7-4668-BE54-9A1E7A4F7556}") = "0237-Delete-Node-In-a-Linked-List", "0237-Delete-Node-In-a-Linked-List\0237-Delete-Node-In-a-Linked-List.csproj", "{B2976718-DC9C-4F30-A416-0C5A5B56E324}"
EndProject
Project("{9A19103F-16F7-4668-BE54-9A1E7A4F7556}") = "0876-Middle-of-the-Linked-List", "0876-Middle-of-the-Linked-List\0876-Middle-of-the-Linked-List.csproj", "{D7A514D7-89D3-4B03-A404-26B53372AE90}"
EndProject
Project("{9A19103F-16F7-4668-BE54-9A1E7A4F7556}") = "1290-Convert-Binary-Number-in-a-Linked-List-to-Integer", "1290-Convert-Binary-Number-in-a-Linked-List-to-Integer\1290-Convert-Binary-Number-in-a-Linked-List-to-Integer.csproj", "{F526F109-DDFE-443B-9B39-9AF2AC069192}"
EndProject
Project("{9A19103F-16F7-4668-BE54-9A1E7A4F7556}") = "0002-Add-Two-Numbers", "0002-Add-Two-Numbers\0002-Add-Two-Numbers.csproj", "{B8FC7483-6F64-4B2E-8044-65E4F1DDDD12}"
EndProject
Project("{9A19103F-16F7-4668-BE54-9A1E7A4F7556}") = "0019-Remove-Nth-Node-From-End-Of-List", "0019-Remove-Nth-Node-From-End-Of-List\0019-Remove-Nth-Node-From-End-Of-List.csproj", "{8C29A8EF-49BF-4993-B6AC-38CB8A2C0AAA}"
EndProject
Project("{2150E333-8FDC-42A3-9474-1A3956D46DE8}") = "Array", "Array", "{2E2C27F5-B831-4CE0-8EC7-4F841FB48E90}"
EndProject
Project("{9A19103F-16F7-4668-BE54-9A1E7A4F7556}") = "0414-Third-Maximum-Number", "0414-Third-Maximum-Number\0414-Third-Maximum-Number.csproj", "{B9EC9386-2225-4289-BD94-894571ED302C}"
EndProject
Project("{9A19103F-16F7-4668-BE54-9A1E7A4F7556}") = "1909-Remove-One-Element-To-Make-The-Array-Strictly-Increasing", "1909-Remove-One-Element-To-Make-The-Array-Strictly-Increasing\1909-Remove-One-Element-To-Make-The-Array-Strictly-Increasing.csproj", "{C9FA6068-914E-4B7D-A708-A14C130F41E9}"
EndProject
Project("{9A19103F-16F7-4668-BE54-9A1E7A4F7556}") = "0605-Can-Place-Flowers", "0605-Can-Place-Flowers\0605-Can-Place-Flowers.csproj", "{0C246346-8AF2-410C-B379-21466DDAC050}"
EndProject
Project("{9A19103F-16F7-4668-BE54-9A1E7A4F7556}") = "0026-Remove-Duplicates-From-Sorted-Array", "0026-Remove-Duplicates-From-Sorted-Array\0026-Remove-Duplicates-From-Sorted-Array.csproj", "{9D324C8C-393E-49A6-9A26-C306D08294A3}"
EndProject
Project("{9A19103F-16F7-4668-BE54-9A1E7A4F7556}") = "0027-Remove-Element", "0027-Remove-Element\0027-Remove-Element.csproj", "{DDD61177-4A70-4C91-99F2-617A3743A416}"
EndProject
Project("{9A19103F-16F7-4668-BE54-9A1E7A4F7556}") = "0035-Search-Insert-Position", "0035-Search-Insert-Position\0035-Search-Insert-Position.csproj", "{B8208892-FB35-4584-9A2B-0C5375326745}"
EndProject
Project("{9A19103F-16F7-4668-BE54-9A1E7A4F7556}") = "0941-Valid-Mountain-Array", "0941-Valid-Mountain-Array\0941-Valid-Mountain-Array.csproj", "{59F1EB78-78A6-456D-87F8-FAA1CC13D060}"
EndProject
Project("{9A19103F-16F7-4668-BE54-9A1E7A4F7556}") = "0014-Longest-Common-Prefix", "0014-Longest-Common-Prefix\0014-Longest-Common-Prefix.csproj", "{D95581AC-2126-4B08-A243-9358A4343E7B}"
EndProject
Project("{9A19103F-16F7-4668-BE54-9A1E7A4F7556}") = "0053-Maximum-Subarray", "0053-Maximum-Subarray\0053-Maximum-Subarray.csproj", "{0A9355E5-B2E1-46C6-913D-C23C5BA29A3C}"
EndProject
Project("{2150E333-8FDC-42A3-9474-1A3956D46DE8}") = "Matrix", "Matrix", "{E91E2834-62EE-4ACB-8C0B-B84B67CA0785}"
EndProject
Project("{9A19103F-16F7-4668-BE54-9A1E7A4F7556}") = "0048-Rotate-Image", "0048-Rotate-Image\0048-Rotate-Image.csproj", "{A867BB9C-D90E-49F0-AAC3-170C93ABD609}"
EndProject
Project("{2150E333-8FDC-42A3-9474-1A3956D46DE8}") = "Algorithm", "Algorithm", "{7F4B6BCC-E492-4245-9DF8-C530FEEC8B18}"
EndProject
Project("{9A19103F-16F7-4668-BE54-9A1E7A4F7556}") = "QuickSort", "QuickSort\QuickSort.csproj", "{D07EBB9B-084D-4B94-B1DC-78748097FB4F}"
EndProject
Project("{9A19103F-16F7-4668-BE54-9A1E7A4F7556}") = "HeapSort", "HeapSort\HeapSort.csproj", "{C9ACFF91-7D18-4BDB-87EC-79A0B9F9D9F0}"
EndProject
Project("{9A19103F-16F7-4668-BE54-9A1E7A4F7556}") = "MergeSort", "MergeSort\MergeSort.csproj", "{29C52245-8F93-4276-BF3A-5D5ADF1BE90B}"
EndProject
Project("{9A19103F-16F7-4668-BE54-9A1E7A4F7556}") = "0054-Spiral-Matrix", "0054-Spiral-Matrix\0054-Spiral-Matrix.csproj", "{43A20059-AE2B-4EA0-AB99-5490648C4FF8}"
EndProject
Project("{9A19103F-16F7-4668-BE54-9A1E7A4F7556}") = "0073-Set-Matrix-Zeros", "0073-Set-Matrix-Zeros\0073-Set-Matrix-Zeros.csproj", "{4854F92B-CE48-475C-8001-5F040CE4844D}"
EndProject
Project("{9A19103F-16F7-4668-BE54-9A1E7A4F7556}") = "0074-Search-a-2D-Matrix", "0074-Search-a-2D-Matrix\0074-Search-a-2D-Matrix.csproj", "{63D52B2D-ECDD-4726-8A99-435993C69B82}"
EndProject
Project("{9A19103F-16F7-4668-BE54-9A1E7A4F7556}") = "0240-Search-a-2D-Matrix-II", "0240-Search-a-2D-Matrix-II\0240-Search-a-2D-Matrix-II.csproj", "{B7B21135-A9E5-4E46-98DE-5E670E4B5F66}"
EndProject
Project("{9A19103F-16F7-4668-BE54-9A1E7A4F7556}") = "0036-Valid-Sudoku", "0036-Valid-Sudoku\0036-Valid-Sudoku.csproj", "{6E535027-D012-4FE4-BA30-FBC4A14FB300}"
EndProject
Project("{9A19103F-16F7-4668-BE54-9A1E7A4F7556}") = "0080-Remove-Duplicates-from-Sorted-Array-II", "0080-Remove-Duplicates-from-Sorted-Array-II\0080-Remove-Duplicates-from-Sorted-Array-II.csproj", "{B91591E0-2412-4D4B-82E1-B686DAE57AB6}"
EndProject
Project("{9A19103F-16F7-4668-BE54-9A1E7A4F7556}") = "0189-Rotate-Array", "0189-Rotate-Array\0189-Rotate-Array.csproj", "{6914DB96-8B72-48AB-8FA4-A7DF131D2D2E}"
EndProject
Project("{9A19103F-16F7-4668-BE54-9A1E7A4F7556}") = "0299-Bulls-and-Cows", "0299-Bulls-and-Cows\0299-Bulls-and-Cows.csproj", "{290DDFD1-D660-4364-84A9-6B3267B22E9A}"
EndProject
Project("{9A19103F-16F7-4668-BE54-9A1E7A4F7556}") = "0134-Gas-Station", "0134-Gas-Station\0134-Gas-Station.csproj", "{2E3B0F6A-D06C-46E2-A872-20DF43720CC6}"
EndProject
Project("{9A19103F-16F7-4668-BE54-9A1E7A4F7556}") = "0118-Pascal-Triangle", "0118-Pascal-Triangle\0118-Pascal-Triangle.csproj", "{52152E95-4284-439D-8590-23EF07075F8F}"
EndProject
Project("{9A19103F-16F7-4668-BE54-9A1E7A4F7556}") = "0119-Pascal-Triangle-II", "0119-Pascal-Triangle-II\0119-Pascal-Triangle-II.csproj", "{291CB262-59C8-4400-986E-C8B23E90AB6E}"
EndProject
Project("{9A19103F-16F7-4668-BE54-9A1E7A4F7556}") = "0169-Majority-Element", "0169-Majority-Element\0169-Majority-Element.csproj", "{97F9B76B-F2B5-4273-9FF3-51C88D92BA68}"
EndProject
Project("{9A19103F-16F7-4668-BE54-9A1E7A4F7556}") = "0229-Majority-Element-II", "0229-Majority-Element-II\0229-Majority-Element-II.csproj", "{2D0DAA38-C7F3-4767-9CC8-EC3A2F8E05DC}"
EndProject
Project("{9A19103F-16F7-4668-BE54-9A1E7A4F7556}") = "0274-H-Index", "0274-H-Index\0274-H-Index.csproj", "{606EA536-61D5-4C9D-9107-8C43FBC405C3}"
EndProject
Project("{9A19103F-16F7-4668-BE54-9A1E7A4F7556}") = "0300-Longest-Increasing-Subsequence", "0300-Longest-Increasing-Subsequence\0300-Longest-Increasing-Subsequence.csproj", "{630837CB-1604-4B05-8C56-342360EDFA99}"
EndProject
Project("{9A19103F-16F7-4668-BE54-9A1E7A4F7556}") = "0235-Lowest-Common-Ancestor-of-Binary-Search-Tree", "0235-Lowest-Common-Ancestor-of-Binary-Search-Tree\0235-Lowest-Common-Ancestor-of-Binary-Search-Tree.csproj", "{A352FDB3-E8D3-474C-8659-FA6112617984}"
EndProject
Project("{9A19103F-16F7-4668-BE54-9A1E7A4F7556}") = "0011-Container-With-Most-Water", "0011-Container-With-Most-Water\0011-Container-With-Most-Water.csproj", "{E0B92EA8-054E-4A75-9D64-0E0B275FE65E}"
EndProject
Project("{2150E333-8FDC-42A3-9474-1A3956D46DE8}") = "Tree", "Tree", "{613FF8CD-3E56-4C03-B9E7-67A84B2DADCF}"
EndProject
Project("{9A19103F-16F7-4668-BE54-9A1E7A4F7556}") = "0094-Binary-Tree-Inorder-Traversal", "0094-Binary-Tree-Inorder-Traversal\0094-Binary-Tree-Inorder-Traversal.csproj", "{F8087D55-6CD3-464B-9FB3-5F12C61F90B7}"
EndProject
Project("{9A19103F-16F7-4668-BE54-9A1E7A4F7556}") = "0144-Binary-Tree-Preorder-Traversal", "0144-Binary-Tree-Preorder-Traversal\0144-Binary-Tree-Preorder-Traversal.csproj", "{30115041-FE22-45E6-812B-F954BCA6C4BD}"
EndProject
Project("{9A19103F-16F7-4668-BE54-9A1E7A4F7556}") = "0006-ZigZag-Conversion", "0006-ZigZag-Conversion\0006-ZigZag-Conversion.csproj", "{B3C7A318-8078-44C5-92F3-5F13FF73A93A}"
EndProject
Project("{2150E333-8FDC-42A3-9474-1A3956D46DE8}") = "Dp", "Dp", "{A5E3A72D-A086-4263-97AC-2BCF500C9726}"
EndProject
Project("{9A19103F-16F7-4668-BE54-9A1E7A4F7556}") = "0070-Climbing-Stairs", "0070-Climbing-Stairs\0070-Climbing-Stairs.csproj", "{486DCE35-A6A0-4952-A59A-70A652BD7F07}"
EndProject
Project("{9A19103F-16F7-4668-BE54-9A1E7A4F7556}") = "0148-Sort-List", "0148-Sort-List\0148-Sort-List.csproj", "{7819726F-2785-4707-8C16-9728E57142D8}"
EndProject
Project("{9A19103F-16F7-4668-BE54-9A1E7A4F7556}") = "0055-Jump-Game", "0055-Jump-Game\0055-Jump-Game.csproj", "{D2328172-6673-40D4-9A3E-662659FDD57D}"
EndProject
Project("{9A19103F-16F7-4668-BE54-9A1E7A4F7556}") = "0045-Jump-Game-II", "0045-Jump-Game-II\0045-Jump-Game-II.csproj", "{963F1679-8A28-4FC7-B728-697D9BE99757}"
EndProject
Project("{2150E333-8FDC-42A3-9474-1A3956D46DE8}") = "Hash", "Hash", "{D99CF612-C1D3-40AC-9323-F430AC3D0B18}"
EndProject
Project("{9A19103F-16F7-4668-BE54-9A1E7A4F7556}") = "0012-Integer-To-Roman", "0012-Integer-To-Roman\0012-Integer-To-Roman.csproj", "{B63A209D-A186-4D74-9140-496C756E3B91}"
EndProject
Project("{2150E333-8FDC-42A3-9474-1A3956D46DE8}") = "String", "String", "{A5F9AFA7-0BA7-45E2-8810-3B3C80136305}"
EndProject
Project("{9A19103F-16F7-4668-BE54-9A1E7A4F7556}") = "0005-Longest-Palindromic-Substring", "0005-Longest-Palindromic-Substring\0005-Longest-Palindromic-Substring.csproj", "{4DB0DDC9-47B3-42E6-B656-31500D8955EB}"
EndProject
Project("{9A19103F-16F7-4668-BE54-9A1E7A4F7556}") = "0013-Roman-To-Integer", "0013-Roman-To-Integer\0013-Roman-To-Integer.csproj", "{845128D9-649B-4A5A-9882-71A8B910B1AD}"
EndProject
Project("{9A19103F-16F7-4668-BE54-9A1E7A4F7556}") = "0001-Two-Sum", "0001-Two-Sum\0001-Two-Sum.csproj", "{9B725959-A691-471F-9378-BE9F97E5304E}"
EndProject
Project("{9A19103F-16F7-4668-BE54-9A1E7A4F7556}") = "0015-3-Sum", "0015-3-Sum\0015-3-Sum.csproj", "{69EC4433-703B-45D5-9076-BA5B2A0C686E}"
EndProject
Project("{9A19103F-16F7-4668-BE54-9A1E7A4F7556}") = "0017-Letter-Combinations-of-a-Phone-Number", "0017-Letter-Combinations-of-a-Phone-Number\0017-Letter-Combinations-of-a-Phone-Number.csproj", "{4962E535-1C17-4010-ADE7-8AC2872197EE}"
EndProject
Project("{9A19103F-16F7-4668-BE54-9A1E7A4F7556}") = "0022-Generate-Parentheses", "0022-Generate-Parentheses\0022-Generate-Parentheses.csproj", "{E8A9908C-B497-4F5D-BA23-92D1C5E156AA}"
EndProject
Project("{2150E333-8FDC-42A3-9474-1A3956D46DE8}") = "Stack", "Stack", "{922DE5AE-1305-407F-BC52-27AAD82BE1E5}"
EndProject
Project("{9A19103F-16F7-4668-BE54-9A1E7A4F7556}") = "0232-Implement-Queue-Using-Stack", "0232-Implement-Queue-Using-Stack\0232-Implement-Queue-Using-Stack.csproj", "{CB1CE8F8-7028-4804-8D0F-3AC9899F10BB}"
EndProject
Project("{9A19103F-16F7-4668-BE54-9A1E7A4F7556}") = "0255-Implement-Stack-Using-Queues", "0255-Implement-Stack-Using-Queues\0255-Implement-Stack-Using-Queues.csproj", "{28146A6D-D14D-4C31-809B-268951D24384}"
EndProject
Project("{9A19103F-16F7-4668-BE54-9A1E7A4F7556}") = "1143-Longest-Common-Subsequence", "1143-Longest-Common-Subsequence\1143-Longest-Common-Subsequence.csproj", "{DBBFD5CD-1AB5-40C1-9D9F-6F5A70CA99D0}"
EndProject
Project("{2150E333-8FDC-42A3-9474-1A3956D46DE8}") = "Graph", "Graph", "{8931ECD4-1D27-4814-A60A-2AF87B454468}"
EndProject
Project("{9A19103F-16F7-4668-BE54-9A1E7A4F7556}") = "0547-Number-Of-Provinces", "0547-Number-Of-Provinces\0547-Number-Of-Provinces.csproj", "{0F182A29-55A9-496F-800B-184F38E94681}"
EndProject
Project("{9A19103F-16F7-4668-BE54-9A1E7A4F7556}") = "0133-Clone-Graph", "0133-Clone-Graph\0133-Clone-Graph.csproj", "{7CDA7D14-327D-457F-91F2-220A3BCBBF29}"
EndProject
Project("{9A19103F-16F7-4668-BE54-9A1E7A4F7556}") = "0102-Binary-Tree-Level-Order-Traversal", "0102-Binary-Tree-Level-Order-Traversal\0102-Binary-Tree-Level-Order-Traversal.csproj", "{A8439026-7CCF-44C1-9246-8D5F024C842C}"
EndProject
Project("{9A19103F-16F7-4668-BE54-9A1E7A4F7556}") = "0107-Binary-Tree-Level-Order-Traversal-II", "0107-Binary-Tree-Level-Order-Traversal-II\0107-Binary-Tree-Level-Order-Traversal-II.csproj", "{38C78DF0-547A-465F-AA30-7E816B834C86}"
EndProject
Project("{2150E333-8FDC-42A3-9474-1A3956D46DE8}") = "Backtracking", "Backtracking", "{41560E14-F693-46D6-93CF-ECBC58BEC999}"
EndProject
Project("{FAE04EC0-301F-11D3-BF4B-00C04F79EFBC}") = "0046-Permutations", "0046-Permutations\0046-Permutations.csproj", "{B612F7A3-714D-40BC-9D48-E063841324AE}"
EndProject
Global
	GlobalSection(SolutionConfigurationPlatforms) = preSolution
		Debug|Any CPU = Debug|Any CPU
		Release|Any CPU = Release|Any CPU
	EndGlobalSection
	GlobalSection(ProjectConfigurationPlatforms) = postSolution
		{E6E8761E-1185-4BD0-9462-EAE1A3183312}.Debug|Any CPU.ActiveCfg = Debug|Any CPU
		{E6E8761E-1185-4BD0-9462-EAE1A3183312}.Debug|Any CPU.Build.0 = Debug|Any CPU
		{E6E8761E-1185-4BD0-9462-EAE1A3183312}.Release|Any CPU.ActiveCfg = Release|Any CPU
		{E6E8761E-1185-4BD0-9462-EAE1A3183312}.Release|Any CPU.Build.0 = Release|Any CPU
		{6387A1C7-0AE9-4D3E-B579-D463C3C524EF}.Debug|Any CPU.ActiveCfg = Debug|Any CPU
		{6387A1C7-0AE9-4D3E-B579-D463C3C524EF}.Debug|Any CPU.Build.0 = Debug|Any CPU
		{6387A1C7-0AE9-4D3E-B579-D463C3C524EF}.Release|Any CPU.ActiveCfg = Release|Any CPU
		{6387A1C7-0AE9-4D3E-B579-D463C3C524EF}.Release|Any CPU.Build.0 = Release|Any CPU
		{6069B1FD-2580-4742-A17D-50AD4C897E8D}.Debug|Any CPU.ActiveCfg = Debug|Any CPU
		{6069B1FD-2580-4742-A17D-50AD4C897E8D}.Debug|Any CPU.Build.0 = Debug|Any CPU
		{6069B1FD-2580-4742-A17D-50AD4C897E8D}.Release|Any CPU.ActiveCfg = Release|Any CPU
		{6069B1FD-2580-4742-A17D-50AD4C897E8D}.Release|Any CPU.Build.0 = Release|Any CPU
		{69063302-848D-4AA0-B989-441367AD930D}.Debug|Any CPU.ActiveCfg = Debug|Any CPU
		{69063302-848D-4AA0-B989-441367AD930D}.Debug|Any CPU.Build.0 = Debug|Any CPU
		{69063302-848D-4AA0-B989-441367AD930D}.Release|Any CPU.ActiveCfg = Release|Any CPU
		{69063302-848D-4AA0-B989-441367AD930D}.Release|Any CPU.Build.0 = Release|Any CPU
		{46355770-F01A-43F1-A256-C207112E8FFC}.Debug|Any CPU.ActiveCfg = Debug|Any CPU
		{46355770-F01A-43F1-A256-C207112E8FFC}.Debug|Any CPU.Build.0 = Debug|Any CPU
		{46355770-F01A-43F1-A256-C207112E8FFC}.Release|Any CPU.ActiveCfg = Release|Any CPU
		{46355770-F01A-43F1-A256-C207112E8FFC}.Release|Any CPU.Build.0 = Release|Any CPU
		{C86A7299-BA1B-48C9-BB92-16DAD9B0EFF8}.Debug|Any CPU.ActiveCfg = Debug|Any CPU
		{C86A7299-BA1B-48C9-BB92-16DAD9B0EFF8}.Debug|Any CPU.Build.0 = Debug|Any CPU
		{C86A7299-BA1B-48C9-BB92-16DAD9B0EFF8}.Release|Any CPU.ActiveCfg = Release|Any CPU
		{C86A7299-BA1B-48C9-BB92-16DAD9B0EFF8}.Release|Any CPU.Build.0 = Release|Any CPU
		{97970BB7-F688-4CA4-A8F2-9938C13B66F9}.Debug|Any CPU.ActiveCfg = Debug|Any CPU
		{97970BB7-F688-4CA4-A8F2-9938C13B66F9}.Debug|Any CPU.Build.0 = Debug|Any CPU
		{97970BB7-F688-4CA4-A8F2-9938C13B66F9}.Release|Any CPU.ActiveCfg = Release|Any CPU
		{97970BB7-F688-4CA4-A8F2-9938C13B66F9}.Release|Any CPU.Build.0 = Release|Any CPU
		{6FB81A9B-AEAD-4A24-B4FC-8FB661A0441D}.Debug|Any CPU.ActiveCfg = Debug|Any CPU
		{6FB81A9B-AEAD-4A24-B4FC-8FB661A0441D}.Debug|Any CPU.Build.0 = Debug|Any CPU
		{6FB81A9B-AEAD-4A24-B4FC-8FB661A0441D}.Release|Any CPU.ActiveCfg = Release|Any CPU
		{6FB81A9B-AEAD-4A24-B4FC-8FB661A0441D}.Release|Any CPU.Build.0 = Release|Any CPU
		{B2976718-DC9C-4F30-A416-0C5A5B56E324}.Debug|Any CPU.ActiveCfg = Debug|Any CPU
		{B2976718-DC9C-4F30-A416-0C5A5B56E324}.Debug|Any CPU.Build.0 = Debug|Any CPU
		{B2976718-DC9C-4F30-A416-0C5A5B56E324}.Release|Any CPU.ActiveCfg = Release|Any CPU
		{B2976718-DC9C-4F30-A416-0C5A5B56E324}.Release|Any CPU.Build.0 = Release|Any CPU
		{D7A514D7-89D3-4B03-A404-26B53372AE90}.Debug|Any CPU.ActiveCfg = Debug|Any CPU
		{D7A514D7-89D3-4B03-A404-26B53372AE90}.Debug|Any CPU.Build.0 = Debug|Any CPU
		{D7A514D7-89D3-4B03-A404-26B53372AE90}.Release|Any CPU.ActiveCfg = Release|Any CPU
		{D7A514D7-89D3-4B03-A404-26B53372AE90}.Release|Any CPU.Build.0 = Release|Any CPU
		{F526F109-DDFE-443B-9B39-9AF2AC069192}.Debug|Any CPU.ActiveCfg = Debug|Any CPU
		{F526F109-DDFE-443B-9B39-9AF2AC069192}.Debug|Any CPU.Build.0 = Debug|Any CPU
		{F526F109-DDFE-443B-9B39-9AF2AC069192}.Release|Any CPU.ActiveCfg = Release|Any CPU
		{F526F109-DDFE-443B-9B39-9AF2AC069192}.Release|Any CPU.Build.0 = Release|Any CPU
		{B8FC7483-6F64-4B2E-8044-65E4F1DDDD12}.Debug|Any CPU.ActiveCfg = Debug|Any CPU
		{B8FC7483-6F64-4B2E-8044-65E4F1DDDD12}.Debug|Any CPU.Build.0 = Debug|Any CPU
		{B8FC7483-6F64-4B2E-8044-65E4F1DDDD12}.Release|Any CPU.ActiveCfg = Release|Any CPU
		{B8FC7483-6F64-4B2E-8044-65E4F1DDDD12}.Release|Any CPU.Build.0 = Release|Any CPU
		{8C29A8EF-49BF-4993-B6AC-38CB8A2C0AAA}.Debug|Any CPU.ActiveCfg = Debug|Any CPU
		{8C29A8EF-49BF-4993-B6AC-38CB8A2C0AAA}.Debug|Any CPU.Build.0 = Debug|Any CPU
		{8C29A8EF-49BF-4993-B6AC-38CB8A2C0AAA}.Release|Any CPU.ActiveCfg = Release|Any CPU
		{8C29A8EF-49BF-4993-B6AC-38CB8A2C0AAA}.Release|Any CPU.Build.0 = Release|Any CPU
		{B9EC9386-2225-4289-BD94-894571ED302C}.Debug|Any CPU.ActiveCfg = Debug|Any CPU
		{B9EC9386-2225-4289-BD94-894571ED302C}.Debug|Any CPU.Build.0 = Debug|Any CPU
		{B9EC9386-2225-4289-BD94-894571ED302C}.Release|Any CPU.ActiveCfg = Release|Any CPU
		{B9EC9386-2225-4289-BD94-894571ED302C}.Release|Any CPU.Build.0 = Release|Any CPU
		{C9FA6068-914E-4B7D-A708-A14C130F41E9}.Debug|Any CPU.ActiveCfg = Debug|Any CPU
		{C9FA6068-914E-4B7D-A708-A14C130F41E9}.Debug|Any CPU.Build.0 = Debug|Any CPU
		{C9FA6068-914E-4B7D-A708-A14C130F41E9}.Release|Any CPU.ActiveCfg = Release|Any CPU
		{C9FA6068-914E-4B7D-A708-A14C130F41E9}.Release|Any CPU.Build.0 = Release|Any CPU
		{0C246346-8AF2-410C-B379-21466DDAC050}.Debug|Any CPU.ActiveCfg = Debug|Any CPU
		{0C246346-8AF2-410C-B379-21466DDAC050}.Debug|Any CPU.Build.0 = Debug|Any CPU
		{0C246346-8AF2-410C-B379-21466DDAC050}.Release|Any CPU.ActiveCfg = Release|Any CPU
		{0C246346-8AF2-410C-B379-21466DDAC050}.Release|Any CPU.Build.0 = Release|Any CPU
		{9D324C8C-393E-49A6-9A26-C306D08294A3}.Debug|Any CPU.ActiveCfg = Debug|Any CPU
		{9D324C8C-393E-49A6-9A26-C306D08294A3}.Debug|Any CPU.Build.0 = Debug|Any CPU
		{9D324C8C-393E-49A6-9A26-C306D08294A3}.Release|Any CPU.ActiveCfg = Release|Any CPU
		{9D324C8C-393E-49A6-9A26-C306D08294A3}.Release|Any CPU.Build.0 = Release|Any CPU
		{DDD61177-4A70-4C91-99F2-617A3743A416}.Debug|Any CPU.ActiveCfg = Debug|Any CPU
		{DDD61177-4A70-4C91-99F2-617A3743A416}.Debug|Any CPU.Build.0 = Debug|Any CPU
		{DDD61177-4A70-4C91-99F2-617A3743A416}.Release|Any CPU.ActiveCfg = Release|Any CPU
		{DDD61177-4A70-4C91-99F2-617A3743A416}.Release|Any CPU.Build.0 = Release|Any CPU
		{B8208892-FB35-4584-9A2B-0C5375326745}.Debug|Any CPU.ActiveCfg = Debug|Any CPU
		{B8208892-FB35-4584-9A2B-0C5375326745}.Debug|Any CPU.Build.0 = Debug|Any CPU
		{B8208892-FB35-4584-9A2B-0C5375326745}.Release|Any CPU.ActiveCfg = Release|Any CPU
		{B8208892-FB35-4584-9A2B-0C5375326745}.Release|Any CPU.Build.0 = Release|Any CPU
		{59F1EB78-78A6-456D-87F8-FAA1CC13D060}.Debug|Any CPU.ActiveCfg = Debug|Any CPU
		{59F1EB78-78A6-456D-87F8-FAA1CC13D060}.Debug|Any CPU.Build.0 = Debug|Any CPU
		{59F1EB78-78A6-456D-87F8-FAA1CC13D060}.Release|Any CPU.ActiveCfg = Release|Any CPU
		{59F1EB78-78A6-456D-87F8-FAA1CC13D060}.Release|Any CPU.Build.0 = Release|Any CPU
		{D95581AC-2126-4B08-A243-9358A4343E7B}.Debug|Any CPU.ActiveCfg = Debug|Any CPU
		{D95581AC-2126-4B08-A243-9358A4343E7B}.Debug|Any CPU.Build.0 = Debug|Any CPU
		{D95581AC-2126-4B08-A243-9358A4343E7B}.Release|Any CPU.ActiveCfg = Release|Any CPU
		{D95581AC-2126-4B08-A243-9358A4343E7B}.Release|Any CPU.Build.0 = Release|Any CPU
		{0A9355E5-B2E1-46C6-913D-C23C5BA29A3C}.Debug|Any CPU.ActiveCfg = Debug|Any CPU
		{0A9355E5-B2E1-46C6-913D-C23C5BA29A3C}.Debug|Any CPU.Build.0 = Debug|Any CPU
		{0A9355E5-B2E1-46C6-913D-C23C5BA29A3C}.Release|Any CPU.ActiveCfg = Release|Any CPU
		{0A9355E5-B2E1-46C6-913D-C23C5BA29A3C}.Release|Any CPU.Build.0 = Release|Any CPU
		{A867BB9C-D90E-49F0-AAC3-170C93ABD609}.Debug|Any CPU.ActiveCfg = Debug|Any CPU
		{A867BB9C-D90E-49F0-AAC3-170C93ABD609}.Debug|Any CPU.Build.0 = Debug|Any CPU
		{A867BB9C-D90E-49F0-AAC3-170C93ABD609}.Release|Any CPU.ActiveCfg = Release|Any CPU
		{A867BB9C-D90E-49F0-AAC3-170C93ABD609}.Release|Any CPU.Build.0 = Release|Any CPU
		{D07EBB9B-084D-4B94-B1DC-78748097FB4F}.Debug|Any CPU.ActiveCfg = Debug|Any CPU
		{D07EBB9B-084D-4B94-B1DC-78748097FB4F}.Debug|Any CPU.Build.0 = Debug|Any CPU
		{D07EBB9B-084D-4B94-B1DC-78748097FB4F}.Release|Any CPU.ActiveCfg = Release|Any CPU
		{D07EBB9B-084D-4B94-B1DC-78748097FB4F}.Release|Any CPU.Build.0 = Release|Any CPU
		{C9ACFF91-7D18-4BDB-87EC-79A0B9F9D9F0}.Debug|Any CPU.ActiveCfg = Debug|Any CPU
		{C9ACFF91-7D18-4BDB-87EC-79A0B9F9D9F0}.Debug|Any CPU.Build.0 = Debug|Any CPU
		{C9ACFF91-7D18-4BDB-87EC-79A0B9F9D9F0}.Release|Any CPU.ActiveCfg = Release|Any CPU
		{C9ACFF91-7D18-4BDB-87EC-79A0B9F9D9F0}.Release|Any CPU.Build.0 = Release|Any CPU
		{29C52245-8F93-4276-BF3A-5D5ADF1BE90B}.Debug|Any CPU.ActiveCfg = Debug|Any CPU
		{29C52245-8F93-4276-BF3A-5D5ADF1BE90B}.Debug|Any CPU.Build.0 = Debug|Any CPU
		{29C52245-8F93-4276-BF3A-5D5ADF1BE90B}.Release|Any CPU.ActiveCfg = Release|Any CPU
		{29C52245-8F93-4276-BF3A-5D5ADF1BE90B}.Release|Any CPU.Build.0 = Release|Any CPU
		{43A20059-AE2B-4EA0-AB99-5490648C4FF8}.Debug|Any CPU.ActiveCfg = Debug|Any CPU
		{43A20059-AE2B-4EA0-AB99-5490648C4FF8}.Debug|Any CPU.Build.0 = Debug|Any CPU
		{43A20059-AE2B-4EA0-AB99-5490648C4FF8}.Release|Any CPU.ActiveCfg = Release|Any CPU
		{43A20059-AE2B-4EA0-AB99-5490648C4FF8}.Release|Any CPU.Build.0 = Release|Any CPU
		{4854F92B-CE48-475C-8001-5F040CE4844D}.Debug|Any CPU.ActiveCfg = Debug|Any CPU
		{4854F92B-CE48-475C-8001-5F040CE4844D}.Debug|Any CPU.Build.0 = Debug|Any CPU
		{4854F92B-CE48-475C-8001-5F040CE4844D}.Release|Any CPU.ActiveCfg = Release|Any CPU
		{4854F92B-CE48-475C-8001-5F040CE4844D}.Release|Any CPU.Build.0 = Release|Any CPU
		{63D52B2D-ECDD-4726-8A99-435993C69B82}.Debug|Any CPU.ActiveCfg = Debug|Any CPU
		{63D52B2D-ECDD-4726-8A99-435993C69B82}.Debug|Any CPU.Build.0 = Debug|Any CPU
		{63D52B2D-ECDD-4726-8A99-435993C69B82}.Release|Any CPU.ActiveCfg = Release|Any CPU
		{63D52B2D-ECDD-4726-8A99-435993C69B82}.Release|Any CPU.Build.0 = Release|Any CPU
		{B7B21135-A9E5-4E46-98DE-5E670E4B5F66}.Debug|Any CPU.ActiveCfg = Debug|Any CPU
		{B7B21135-A9E5-4E46-98DE-5E670E4B5F66}.Debug|Any CPU.Build.0 = Debug|Any CPU
		{B7B21135-A9E5-4E46-98DE-5E670E4B5F66}.Release|Any CPU.ActiveCfg = Release|Any CPU
		{B7B21135-A9E5-4E46-98DE-5E670E4B5F66}.Release|Any CPU.Build.0 = Release|Any CPU
		{6E535027-D012-4FE4-BA30-FBC4A14FB300}.Debug|Any CPU.ActiveCfg = Debug|Any CPU
		{6E535027-D012-4FE4-BA30-FBC4A14FB300}.Debug|Any CPU.Build.0 = Debug|Any CPU
		{6E535027-D012-4FE4-BA30-FBC4A14FB300}.Release|Any CPU.ActiveCfg = Release|Any CPU
		{6E535027-D012-4FE4-BA30-FBC4A14FB300}.Release|Any CPU.Build.0 = Release|Any CPU
		{B91591E0-2412-4D4B-82E1-B686DAE57AB6}.Debug|Any CPU.ActiveCfg = Debug|Any CPU
		{B91591E0-2412-4D4B-82E1-B686DAE57AB6}.Debug|Any CPU.Build.0 = Debug|Any CPU
		{B91591E0-2412-4D4B-82E1-B686DAE57AB6}.Release|Any CPU.ActiveCfg = Release|Any CPU
		{B91591E0-2412-4D4B-82E1-B686DAE57AB6}.Release|Any CPU.Build.0 = Release|Any CPU
		{6914DB96-8B72-48AB-8FA4-A7DF131D2D2E}.Debug|Any CPU.ActiveCfg = Debug|Any CPU
		{6914DB96-8B72-48AB-8FA4-A7DF131D2D2E}.Debug|Any CPU.Build.0 = Debug|Any CPU
		{6914DB96-8B72-48AB-8FA4-A7DF131D2D2E}.Release|Any CPU.ActiveCfg = Release|Any CPU
		{6914DB96-8B72-48AB-8FA4-A7DF131D2D2E}.Release|Any CPU.Build.0 = Release|Any CPU
		{290DDFD1-D660-4364-84A9-6B3267B22E9A}.Debug|Any CPU.ActiveCfg = Debug|Any CPU
		{290DDFD1-D660-4364-84A9-6B3267B22E9A}.Debug|Any CPU.Build.0 = Debug|Any CPU
		{290DDFD1-D660-4364-84A9-6B3267B22E9A}.Release|Any CPU.ActiveCfg = Release|Any CPU
		{290DDFD1-D660-4364-84A9-6B3267B22E9A}.Release|Any CPU.Build.0 = Release|Any CPU
		{2E3B0F6A-D06C-46E2-A872-20DF43720CC6}.Debug|Any CPU.ActiveCfg = Debug|Any CPU
		{2E3B0F6A-D06C-46E2-A872-20DF43720CC6}.Debug|Any CPU.Build.0 = Debug|Any CPU
		{2E3B0F6A-D06C-46E2-A872-20DF43720CC6}.Release|Any CPU.ActiveCfg = Release|Any CPU
		{2E3B0F6A-D06C-46E2-A872-20DF43720CC6}.Release|Any CPU.Build.0 = Release|Any CPU
		{52152E95-4284-439D-8590-23EF07075F8F}.Debug|Any CPU.ActiveCfg = Debug|Any CPU
		{52152E95-4284-439D-8590-23EF07075F8F}.Debug|Any CPU.Build.0 = Debug|Any CPU
		{52152E95-4284-439D-8590-23EF07075F8F}.Release|Any CPU.ActiveCfg = Release|Any CPU
		{52152E95-4284-439D-8590-23EF07075F8F}.Release|Any CPU.Build.0 = Release|Any CPU
		{291CB262-59C8-4400-986E-C8B23E90AB6E}.Debug|Any CPU.ActiveCfg = Debug|Any CPU
		{291CB262-59C8-4400-986E-C8B23E90AB6E}.Debug|Any CPU.Build.0 = Debug|Any CPU
		{291CB262-59C8-4400-986E-C8B23E90AB6E}.Release|Any CPU.ActiveCfg = Release|Any CPU
		{291CB262-59C8-4400-986E-C8B23E90AB6E}.Release|Any CPU.Build.0 = Release|Any CPU
		{97F9B76B-F2B5-4273-9FF3-51C88D92BA68}.Debug|Any CPU.ActiveCfg = Debug|Any CPU
		{97F9B76B-F2B5-4273-9FF3-51C88D92BA68}.Debug|Any CPU.Build.0 = Debug|Any CPU
		{97F9B76B-F2B5-4273-9FF3-51C88D92BA68}.Release|Any CPU.ActiveCfg = Release|Any CPU
		{97F9B76B-F2B5-4273-9FF3-51C88D92BA68}.Release|Any CPU.Build.0 = Release|Any CPU
		{2D0DAA38-C7F3-4767-9CC8-EC3A2F8E05DC}.Debug|Any CPU.ActiveCfg = Debug|Any CPU
		{2D0DAA38-C7F3-4767-9CC8-EC3A2F8E05DC}.Debug|Any CPU.Build.0 = Debug|Any CPU
		{2D0DAA38-C7F3-4767-9CC8-EC3A2F8E05DC}.Release|Any CPU.ActiveCfg = Release|Any CPU
		{2D0DAA38-C7F3-4767-9CC8-EC3A2F8E05DC}.Release|Any CPU.Build.0 = Release|Any CPU
		{606EA536-61D5-4C9D-9107-8C43FBC405C3}.Debug|Any CPU.ActiveCfg = Debug|Any CPU
		{606EA536-61D5-4C9D-9107-8C43FBC405C3}.Debug|Any CPU.Build.0 = Debug|Any CPU
		{606EA536-61D5-4C9D-9107-8C43FBC405C3}.Release|Any CPU.ActiveCfg = Release|Any CPU
		{606EA536-61D5-4C9D-9107-8C43FBC405C3}.Release|Any CPU.Build.0 = Release|Any CPU
		{630837CB-1604-4B05-8C56-342360EDFA99}.Debug|Any CPU.ActiveCfg = Debug|Any CPU
		{630837CB-1604-4B05-8C56-342360EDFA99}.Debug|Any CPU.Build.0 = Debug|Any CPU
		{630837CB-1604-4B05-8C56-342360EDFA99}.Release|Any CPU.ActiveCfg = Release|Any CPU
		{630837CB-1604-4B05-8C56-342360EDFA99}.Release|Any CPU.Build.0 = Release|Any CPU
		{A352FDB3-E8D3-474C-8659-FA6112617984}.Debug|Any CPU.ActiveCfg = Debug|Any CPU
		{A352FDB3-E8D3-474C-8659-FA6112617984}.Debug|Any CPU.Build.0 = Debug|Any CPU
		{A352FDB3-E8D3-474C-8659-FA6112617984}.Release|Any CPU.ActiveCfg = Release|Any CPU
		{A352FDB3-E8D3-474C-8659-FA6112617984}.Release|Any CPU.Build.0 = Release|Any CPU
		{E0B92EA8-054E-4A75-9D64-0E0B275FE65E}.Debug|Any CPU.ActiveCfg = Debug|Any CPU
		{E0B92EA8-054E-4A75-9D64-0E0B275FE65E}.Debug|Any CPU.Build.0 = Debug|Any CPU
		{E0B92EA8-054E-4A75-9D64-0E0B275FE65E}.Release|Any CPU.ActiveCfg = Release|Any CPU
		{E0B92EA8-054E-4A75-9D64-0E0B275FE65E}.Release|Any CPU.Build.0 = Release|Any CPU
		{F8087D55-6CD3-464B-9FB3-5F12C61F90B7}.Debug|Any CPU.ActiveCfg = Debug|Any CPU
		{F8087D55-6CD3-464B-9FB3-5F12C61F90B7}.Debug|Any CPU.Build.0 = Debug|Any CPU
		{F8087D55-6CD3-464B-9FB3-5F12C61F90B7}.Release|Any CPU.ActiveCfg = Release|Any CPU
		{F8087D55-6CD3-464B-9FB3-5F12C61F90B7}.Release|Any CPU.Build.0 = Release|Any CPU
		{30115041-FE22-45E6-812B-F954BCA6C4BD}.Debug|Any CPU.ActiveCfg = Debug|Any CPU
		{30115041-FE22-45E6-812B-F954BCA6C4BD}.Debug|Any CPU.Build.0 = Debug|Any CPU
		{30115041-FE22-45E6-812B-F954BCA6C4BD}.Release|Any CPU.ActiveCfg = Release|Any CPU
		{30115041-FE22-45E6-812B-F954BCA6C4BD}.Release|Any CPU.Build.0 = Release|Any CPU
		{B3C7A318-8078-44C5-92F3-5F13FF73A93A}.Debug|Any CPU.ActiveCfg = Debug|Any CPU
		{B3C7A318-8078-44C5-92F3-5F13FF73A93A}.Debug|Any CPU.Build.0 = Debug|Any CPU
		{B3C7A318-8078-44C5-92F3-5F13FF73A93A}.Release|Any CPU.ActiveCfg = Release|Any CPU
		{B3C7A318-8078-44C5-92F3-5F13FF73A93A}.Release|Any CPU.Build.0 = Release|Any CPU
		{486DCE35-A6A0-4952-A59A-70A652BD7F07}.Debug|Any CPU.ActiveCfg = Debug|Any CPU
		{486DCE35-A6A0-4952-A59A-70A652BD7F07}.Debug|Any CPU.Build.0 = Debug|Any CPU
		{486DCE35-A6A0-4952-A59A-70A652BD7F07}.Release|Any CPU.ActiveCfg = Release|Any CPU
		{486DCE35-A6A0-4952-A59A-70A652BD7F07}.Release|Any CPU.Build.0 = Release|Any CPU
		{7819726F-2785-4707-8C16-9728E57142D8}.Debug|Any CPU.ActiveCfg = Debug|Any CPU
		{7819726F-2785-4707-8C16-9728E57142D8}.Debug|Any CPU.Build.0 = Debug|Any CPU
		{7819726F-2785-4707-8C16-9728E57142D8}.Release|Any CPU.ActiveCfg = Release|Any CPU
		{7819726F-2785-4707-8C16-9728E57142D8}.Release|Any CPU.Build.0 = Release|Any CPU
		{D2328172-6673-40D4-9A3E-662659FDD57D}.Debug|Any CPU.ActiveCfg = Debug|Any CPU
		{D2328172-6673-40D4-9A3E-662659FDD57D}.Debug|Any CPU.Build.0 = Debug|Any CPU
		{D2328172-6673-40D4-9A3E-662659FDD57D}.Release|Any CPU.ActiveCfg = Release|Any CPU
		{D2328172-6673-40D4-9A3E-662659FDD57D}.Release|Any CPU.Build.0 = Release|Any CPU
		{963F1679-8A28-4FC7-B728-697D9BE99757}.Debug|Any CPU.ActiveCfg = Debug|Any CPU
		{963F1679-8A28-4FC7-B728-697D9BE99757}.Debug|Any CPU.Build.0 = Debug|Any CPU
		{963F1679-8A28-4FC7-B728-697D9BE99757}.Release|Any CPU.ActiveCfg = Release|Any CPU
		{963F1679-8A28-4FC7-B728-697D9BE99757}.Release|Any CPU.Build.0 = Release|Any CPU
		{B63A209D-A186-4D74-9140-496C756E3B91}.Debug|Any CPU.ActiveCfg = Debug|Any CPU
		{B63A209D-A186-4D74-9140-496C756E3B91}.Debug|Any CPU.Build.0 = Debug|Any CPU
		{B63A209D-A186-4D74-9140-496C756E3B91}.Release|Any CPU.ActiveCfg = Release|Any CPU
		{B63A209D-A186-4D74-9140-496C756E3B91}.Release|Any CPU.Build.0 = Release|Any CPU
		{4DB0DDC9-47B3-42E6-B656-31500D8955EB}.Debug|Any CPU.ActiveCfg = Debug|Any CPU
		{4DB0DDC9-47B3-42E6-B656-31500D8955EB}.Debug|Any CPU.Build.0 = Debug|Any CPU
		{4DB0DDC9-47B3-42E6-B656-31500D8955EB}.Release|Any CPU.ActiveCfg = Release|Any CPU
		{4DB0DDC9-47B3-42E6-B656-31500D8955EB}.Release|Any CPU.Build.0 = Release|Any CPU
		{845128D9-649B-4A5A-9882-71A8B910B1AD}.Debug|Any CPU.ActiveCfg = Debug|Any CPU
		{845128D9-649B-4A5A-9882-71A8B910B1AD}.Debug|Any CPU.Build.0 = Debug|Any CPU
		{845128D9-649B-4A5A-9882-71A8B910B1AD}.Release|Any CPU.ActiveCfg = Release|Any CPU
		{845128D9-649B-4A5A-9882-71A8B910B1AD}.Release|Any CPU.Build.0 = Release|Any CPU
		{9B725959-A691-471F-9378-BE9F97E5304E}.Debug|Any CPU.ActiveCfg = Debug|Any CPU
		{9B725959-A691-471F-9378-BE9F97E5304E}.Debug|Any CPU.Build.0 = Debug|Any CPU
		{9B725959-A691-471F-9378-BE9F97E5304E}.Release|Any CPU.ActiveCfg = Release|Any CPU
		{9B725959-A691-471F-9378-BE9F97E5304E}.Release|Any CPU.Build.0 = Release|Any CPU
		{69EC4433-703B-45D5-9076-BA5B2A0C686E}.Debug|Any CPU.ActiveCfg = Debug|Any CPU
		{69EC4433-703B-45D5-9076-BA5B2A0C686E}.Debug|Any CPU.Build.0 = Debug|Any CPU
		{69EC4433-703B-45D5-9076-BA5B2A0C686E}.Release|Any CPU.ActiveCfg = Release|Any CPU
		{69EC4433-703B-45D5-9076-BA5B2A0C686E}.Release|Any CPU.Build.0 = Release|Any CPU
		{4962E535-1C17-4010-ADE7-8AC2872197EE}.Debug|Any CPU.ActiveCfg = Debug|Any CPU
		{4962E535-1C17-4010-ADE7-8AC2872197EE}.Debug|Any CPU.Build.0 = Debug|Any CPU
		{4962E535-1C17-4010-ADE7-8AC2872197EE}.Release|Any CPU.ActiveCfg = Release|Any CPU
		{4962E535-1C17-4010-ADE7-8AC2872197EE}.Release|Any CPU.Build.0 = Release|Any CPU
		{E8A9908C-B497-4F5D-BA23-92D1C5E156AA}.Debug|Any CPU.ActiveCfg = Debug|Any CPU
		{E8A9908C-B497-4F5D-BA23-92D1C5E156AA}.Debug|Any CPU.Build.0 = Debug|Any CPU
		{E8A9908C-B497-4F5D-BA23-92D1C5E156AA}.Release|Any CPU.ActiveCfg = Release|Any CPU
		{E8A9908C-B497-4F5D-BA23-92D1C5E156AA}.Release|Any CPU.Build.0 = Release|Any CPU
		{CB1CE8F8-7028-4804-8D0F-3AC9899F10BB}.Debug|Any CPU.ActiveCfg = Debug|Any CPU
		{CB1CE8F8-7028-4804-8D0F-3AC9899F10BB}.Debug|Any CPU.Build.0 = Debug|Any CPU
		{CB1CE8F8-7028-4804-8D0F-3AC9899F10BB}.Release|Any CPU.ActiveCfg = Release|Any CPU
		{CB1CE8F8-7028-4804-8D0F-3AC9899F10BB}.Release|Any CPU.Build.0 = Release|Any CPU
		{28146A6D-D14D-4C31-809B-268951D24384}.Debug|Any CPU.ActiveCfg = Debug|Any CPU
		{28146A6D-D14D-4C31-809B-268951D24384}.Debug|Any CPU.Build.0 = Debug|Any CPU
		{28146A6D-D14D-4C31-809B-268951D24384}.Release|Any CPU.ActiveCfg = Release|Any CPU
		{28146A6D-D14D-4C31-809B-268951D24384}.Release|Any CPU.Build.0 = Release|Any CPU
		{DBBFD5CD-1AB5-40C1-9D9F-6F5A70CA99D0}.Debug|Any CPU.ActiveCfg = Debug|Any CPU
		{DBBFD5CD-1AB5-40C1-9D9F-6F5A70CA99D0}.Debug|Any CPU.Build.0 = Debug|Any CPU
		{DBBFD5CD-1AB5-40C1-9D9F-6F5A70CA99D0}.Release|Any CPU.ActiveCfg = Release|Any CPU
		{DBBFD5CD-1AB5-40C1-9D9F-6F5A70CA99D0}.Release|Any CPU.Build.0 = Release|Any CPU
		{0F182A29-55A9-496F-800B-184F38E94681}.Debug|Any CPU.ActiveCfg = Debug|Any CPU
		{0F182A29-55A9-496F-800B-184F38E94681}.Debug|Any CPU.Build.0 = Debug|Any CPU
		{0F182A29-55A9-496F-800B-184F38E94681}.Release|Any CPU.ActiveCfg = Release|Any CPU
		{0F182A29-55A9-496F-800B-184F38E94681}.Release|Any CPU.Build.0 = Release|Any CPU
		{7CDA7D14-327D-457F-91F2-220A3BCBBF29}.Debug|Any CPU.ActiveCfg = Debug|Any CPU
		{7CDA7D14-327D-457F-91F2-220A3BCBBF29}.Debug|Any CPU.Build.0 = Debug|Any CPU
		{7CDA7D14-327D-457F-91F2-220A3BCBBF29}.Release|Any CPU.ActiveCfg = Release|Any CPU
		{7CDA7D14-327D-457F-91F2-220A3BCBBF29}.Release|Any CPU.Build.0 = Release|Any CPU
		{A8439026-7CCF-44C1-9246-8D5F024C842C}.Debug|Any CPU.ActiveCfg = Debug|Any CPU
		{A8439026-7CCF-44C1-9246-8D5F024C842C}.Debug|Any CPU.Build.0 = Debug|Any CPU
		{A8439026-7CCF-44C1-9246-8D5F024C842C}.Release|Any CPU.ActiveCfg = Release|Any CPU
		{A8439026-7CCF-44C1-9246-8D5F024C842C}.Release|Any CPU.Build.0 = Release|Any CPU
		{38C78DF0-547A-465F-AA30-7E816B834C86}.Debug|Any CPU.ActiveCfg = Debug|Any CPU
		{38C78DF0-547A-465F-AA30-7E816B834C86}.Debug|Any CPU.Build.0 = Debug|Any CPU
		{38C78DF0-547A-465F-AA30-7E816B834C86}.Release|Any CPU.ActiveCfg = Release|Any CPU
		{38C78DF0-547A-465F-AA30-7E816B834C86}.Release|Any CPU.Build.0 = Release|Any CPU
		{B612F7A3-714D-40BC-9D48-E063841324AE}.Debug|Any CPU.ActiveCfg = Debug|Any CPU
		{B612F7A3-714D-40BC-9D48-E063841324AE}.Debug|Any CPU.Build.0 = Debug|Any CPU
		{B612F7A3-714D-40BC-9D48-E063841324AE}.Release|Any CPU.ActiveCfg = Release|Any CPU
		{B612F7A3-714D-40BC-9D48-E063841324AE}.Release|Any CPU.Build.0 = Release|Any CPU
	EndGlobalSection
	GlobalSection(SolutionProperties) = preSolution
		HideSolutionNode = FALSE
	EndGlobalSection
	GlobalSection(NestedProjects) = preSolution
		{E6E8761E-1185-4BD0-9462-EAE1A3183312} = {9B7E6B5C-BFA7-4BB6-A6FA-6F8238561E22}
		{6069B1FD-2580-4742-A17D-50AD4C897E8D} = {9B7E6B5C-BFA7-4BB6-A6FA-6F8238561E22}
		{69063302-848D-4AA0-B989-441367AD930D} = {9B7E6B5C-BFA7-4BB6-A6FA-6F8238561E22}
		{46355770-F01A-43F1-A256-C207112E8FFC} = {9B7E6B5C-BFA7-4BB6-A6FA-6F8238561E22}
		{C86A7299-BA1B-48C9-BB92-16DAD9B0EFF8} = {9B7E6B5C-BFA7-4BB6-A6FA-6F8238561E22}
		{97970BB7-F688-4CA4-A8F2-9938C13B66F9} = {9B7E6B5C-BFA7-4BB6-A6FA-6F8238561E22}
		{6FB81A9B-AEAD-4A24-B4FC-8FB661A0441D} = {9B7E6B5C-BFA7-4BB6-A6FA-6F8238561E22}
		{B2976718-DC9C-4F30-A416-0C5A5B56E324} = {9B7E6B5C-BFA7-4BB6-A6FA-6F8238561E22}
		{D7A514D7-89D3-4B03-A404-26B53372AE90} = {9B7E6B5C-BFA7-4BB6-A6FA-6F8238561E22}
		{F526F109-DDFE-443B-9B39-9AF2AC069192} = {9B7E6B5C-BFA7-4BB6-A6FA-6F8238561E22}
		{B8FC7483-6F64-4B2E-8044-65E4F1DDDD12} = {9B7E6B5C-BFA7-4BB6-A6FA-6F8238561E22}
		{8C29A8EF-49BF-4993-B6AC-38CB8A2C0AAA} = {9B7E6B5C-BFA7-4BB6-A6FA-6F8238561E22}
		{B9EC9386-2225-4289-BD94-894571ED302C} = {2E2C27F5-B831-4CE0-8EC7-4F841FB48E90}
		{C9FA6068-914E-4B7D-A708-A14C130F41E9} = {2E2C27F5-B831-4CE0-8EC7-4F841FB48E90}
		{0C246346-8AF2-410C-B379-21466DDAC050} = {2E2C27F5-B831-4CE0-8EC7-4F841FB48E90}
		{9D324C8C-393E-49A6-9A26-C306D08294A3} = {2E2C27F5-B831-4CE0-8EC7-4F841FB48E90}
		{DDD61177-4A70-4C91-99F2-617A3743A416} = {2E2C27F5-B831-4CE0-8EC7-4F841FB48E90}
		{B8208892-FB35-4584-9A2B-0C5375326745} = {2E2C27F5-B831-4CE0-8EC7-4F841FB48E90}
		{59F1EB78-78A6-456D-87F8-FAA1CC13D060} = {2E2C27F5-B831-4CE0-8EC7-4F841FB48E90}
		{D95581AC-2126-4B08-A243-9358A4343E7B} = {2E2C27F5-B831-4CE0-8EC7-4F841FB48E90}
		{0A9355E5-B2E1-46C6-913D-C23C5BA29A3C} = {2E2C27F5-B831-4CE0-8EC7-4F841FB48E90}
		{A867BB9C-D90E-49F0-AAC3-170C93ABD609} = {E91E2834-62EE-4ACB-8C0B-B84B67CA0785}
		{D07EBB9B-084D-4B94-B1DC-78748097FB4F} = {7F4B6BCC-E492-4245-9DF8-C530FEEC8B18}
		{C9ACFF91-7D18-4BDB-87EC-79A0B9F9D9F0} = {7F4B6BCC-E492-4245-9DF8-C530FEEC8B18}
		{29C52245-8F93-4276-BF3A-5D5ADF1BE90B} = {7F4B6BCC-E492-4245-9DF8-C530FEEC8B18}
		{43A20059-AE2B-4EA0-AB99-5490648C4FF8} = {E91E2834-62EE-4ACB-8C0B-B84B67CA0785}
		{4854F92B-CE48-475C-8001-5F040CE4844D} = {E91E2834-62EE-4ACB-8C0B-B84B67CA0785}
		{63D52B2D-ECDD-4726-8A99-435993C69B82} = {E91E2834-62EE-4ACB-8C0B-B84B67CA0785}
		{B7B21135-A9E5-4E46-98DE-5E670E4B5F66} = {E91E2834-62EE-4ACB-8C0B-B84B67CA0785}
		{6E535027-D012-4FE4-BA30-FBC4A14FB300} = {E91E2834-62EE-4ACB-8C0B-B84B67CA0785}
		{B91591E0-2412-4D4B-82E1-B686DAE57AB6} = {2E2C27F5-B831-4CE0-8EC7-4F841FB48E90}
		{6914DB96-8B72-48AB-8FA4-A7DF131D2D2E} = {2E2C27F5-B831-4CE0-8EC7-4F841FB48E90}
		{290DDFD1-D660-4364-84A9-6B3267B22E9A} = {2E2C27F5-B831-4CE0-8EC7-4F841FB48E90}
		{2E3B0F6A-D06C-46E2-A872-20DF43720CC6} = {2E2C27F5-B831-4CE0-8EC7-4F841FB48E90}
		{52152E95-4284-439D-8590-23EF07075F8F} = {2E2C27F5-B831-4CE0-8EC7-4F841FB48E90}
		{291CB262-59C8-4400-986E-C8B23E90AB6E} = {2E2C27F5-B831-4CE0-8EC7-4F841FB48E90}
		{97F9B76B-F2B5-4273-9FF3-51C88D92BA68} = {2E2C27F5-B831-4CE0-8EC7-4F841FB48E90}
		{2D0DAA38-C7F3-4767-9CC8-EC3A2F8E05DC} = {2E2C27F5-B831-4CE0-8EC7-4F841FB48E90}
		{606EA536-61D5-4C9D-9107-8C43FBC405C3} = {2E2C27F5-B831-4CE0-8EC7-4F841FB48E90}
		{630837CB-1604-4B05-8C56-342360EDFA99} = {613FF8CD-3E56-4C03-B9E7-67A84B2DADCF}
		{A352FDB3-E8D3-474C-8659-FA6112617984} = {613FF8CD-3E56-4C03-B9E7-67A84B2DADCF}
		{E0B92EA8-054E-4A75-9D64-0E0B275FE65E} = {2E2C27F5-B831-4CE0-8EC7-4F841FB48E90}
		{F8087D55-6CD3-464B-9FB3-5F12C61F90B7} = {613FF8CD-3E56-4C03-B9E7-67A84B2DADCF}
		{30115041-FE22-45E6-812B-F954BCA6C4BD} = {613FF8CD-3E56-4C03-B9E7-67A84B2DADCF}
		{B3C7A318-8078-44C5-92F3-5F13FF73A93A} = {2E2C27F5-B831-4CE0-8EC7-4F841FB48E90}
		{486DCE35-A6A0-4952-A59A-70A652BD7F07} = {A5E3A72D-A086-4263-97AC-2BCF500C9726}
		{7819726F-2785-4707-8C16-9728E57142D8} = {9B7E6B5C-BFA7-4BB6-A6FA-6F8238561E22}
		{D2328172-6673-40D4-9A3E-662659FDD57D} = {A5E3A72D-A086-4263-97AC-2BCF500C9726}
		{963F1679-8A28-4FC7-B728-697D9BE99757} = {A5E3A72D-A086-4263-97AC-2BCF500C9726}
		{B63A209D-A186-4D74-9140-496C756E3B91} = {D99CF612-C1D3-40AC-9323-F430AC3D0B18}
		{4DB0DDC9-47B3-42E6-B656-31500D8955EB} = {A5F9AFA7-0BA7-45E2-8810-3B3C80136305}
		{845128D9-649B-4A5A-9882-71A8B910B1AD} = {A5F9AFA7-0BA7-45E2-8810-3B3C80136305}
		{9B725959-A691-471F-9378-BE9F97E5304E} = {2E2C27F5-B831-4CE0-8EC7-4F841FB48E90}
		{69EC4433-703B-45D5-9076-BA5B2A0C686E} = {2E2C27F5-B831-4CE0-8EC7-4F841FB48E90}
		{4962E535-1C17-4010-ADE7-8AC2872197EE} = {A5F9AFA7-0BA7-45E2-8810-3B3C80136305}
		{E8A9908C-B497-4F5D-BA23-92D1C5E156AA} = {A5F9AFA7-0BA7-45E2-8810-3B3C80136305}
		{CB1CE8F8-7028-4804-8D0F-3AC9899F10BB} = {922DE5AE-1305-407F-BC52-27AAD82BE1E5}
		{28146A6D-D14D-4C31-809B-268951D24384} = {922DE5AE-1305-407F-BC52-27AAD82BE1E5}
		{DBBFD5CD-1AB5-40C1-9D9F-6F5A70CA99D0} = {A5E3A72D-A086-4263-97AC-2BCF500C9726}
		{0F182A29-55A9-496F-800B-184F38E94681} = {8931ECD4-1D27-4814-A60A-2AF87B454468}
		{7CDA7D14-327D-457F-91F2-220A3BCBBF29} = {8931ECD4-1D27-4814-A60A-2AF87B454468}
		{A8439026-7CCF-44C1-9246-8D5F024C842C} = {613FF8CD-3E56-4C03-B9E7-67A84B2DADCF}
		{38C78DF0-547A-465F-AA30-7E816B834C86} = {613FF8CD-3E56-4C03-B9E7-67A84B2DADCF}
		{B612F7A3-714D-40BC-9D48-E063841324AE} = {41560E14-F693-46D6-93CF-ECBC58BEC999}
	EndGlobalSection
	GlobalSection(ExtensibilityGlobals) = postSolution
		SolutionGuid = {2A4E86AA-6B40-4462-9F22-47086F9D00DF}
	EndGlobalSection
EndGlobal
