
Microsoft Visual Studio Solution File, Format Version 12.00
# Visual Studio Version 16
VisualStudioVersion = 16.0.31005.135
MinimumVisualStudioVersion = 10.0.40219.1
Project("{2150E333-8FDC-42A3-9474-1A3956D46DE8}") = "LinkedList", "LinkedList", "{9B7E6B5C-BFA7-4BB6-A6FA-6F8238561E22}"
EndProject
Project("{9A19103F-16F7-4668-BE54-9A1E7A4F7556}") = "0021-Merge-Two-Sorted-List", "0021-Merge-Two-Sorted-List\0021-Merge-Two-Sorted-List.csproj", "{E6E8761E-1185-4BD0-9462-EAE1A3183312}"
EndProject
Project("{9A19103F-16F7-4668-BE54-9A1E7A4F7556}") = "ShareLib", "ShareLib\ShareLib.csproj", "{6387A1C7-0AE9-4D3E-B579-D463C3C524EF}"
EndProject
Project("{9A19103F-16F7-4668-BE54-9A1E7A4F7556}") = "0083-Remove-Duplicates-From-Sorted-List", "0083-Remove-Duplicates-From-Sorted-List\0083-Remove-Duplicates-From-Sorted-List.csproj", "{6069B1FD-2580-4742-A17D-50AD4C897E8D}"
EndProject
Project("{9A19103F-16F7-4668-BE54-9A1E7A4F7556}") = "0141-Linked-List-Cycle", "0141-Linked-List-Cycle\0141-Linked-List-Cycle.csproj", "{69063302-848D-4AA0-B989-441367AD930D}"
EndProject
Project("{2150E333-8FDC-42A3-9474-1A3956D46DE8}") = "Easy", "Easy", "{ACBFF43A-6303-4BB0-9578-65856742C260}"
EndProject
Project("{9A19103F-16F7-4668-BE54-9A1E7A4F7556}") = "0160-Intersection-Of-Two-Linked-Lists", "0160-Intersection-Of-Two-Linked-Lists\0160-Intersection-Of-Two-Linked-Lists.csproj", "{46355770-F01A-43F1-A256-C207112E8FFC}"
EndProject
Project("{9A19103F-16F7-4668-BE54-9A1E7A4F7556}") = "0203-Remove-Linked-List-Elements", "0203-Remove-Linked-List-Elements\0203-Remove-Linked-List-Elements.csproj", "{C86A7299-BA1B-48C9-BB92-16DAD9B0EFF8}"
EndProject
Project("{9A19103F-16F7-4668-BE54-9A1E7A4F7556}") = "0206-Reverse-Linked-List", "0206-Reverse-Linked-List\0206-Reverse-Linked-List.csproj", "{97970BB7-F688-4CA4-A8F2-9938C13B66F9}"
EndProject
Project("{FAE04EC0-301F-11D3-BF4B-00C04F79EFBC}") = "0234-Palindrome-Linked-List", "0234-Palindrome-Linked-List\0234-Palindrome-Linked-List.csproj", "{6FB81A9B-AEAD-4A24-B4FC-8FB661A0441D}"
EndProject
Project("{FAE04EC0-301F-11D3-BF4B-00C04F79EFBC}") = "0237-Delete-Node-In-a-Linked-List", "0237-Delete-Node-In-a-Linked-List\0237-Delete-Node-In-a-Linked-List.csproj", "{B2976718-DC9C-4F30-A416-0C5A5B56E324}"
EndProject
Project("{FAE04EC0-301F-11D3-BF4B-00C04F79EFBC}") = "0876-Middle-of-the-Linked-List", "0876-Middle-of-the-Linked-List\0876-Middle-of-the-Linked-List.csproj", "{D7A514D7-89D3-4B03-A404-26B53372AE90}"
EndProject
Project("{FAE04EC0-301F-11D3-BF4B-00C04F79EFBC}") = "1290-Convert-Binary-Number-in-a-Linked-List-to-Integer", "1290-Convert-Binary-Number-in-a-Linked-List-to-Integer\1290-Convert-Binary-Number-in-a-Linked-List-to-Integer.csproj", "{F526F109-DDFE-443B-9B39-9AF2AC069192}"
EndProject
Global
	GlobalSection(SolutionConfigurationPlatforms) = preSolution
		Debug|Any CPU = Debug|Any CPU
		Release|Any CPU = Release|Any CPU
	EndGlobalSection
	GlobalSection(ProjectConfigurationPlatforms) = postSolution
		{E6E8761E-1185-4BD0-9462-EAE1A3183312}.Debug|Any CPU.ActiveCfg = Debug|Any CPU
		{E6E8761E-1185-4BD0-9462-EAE1A3183312}.Debug|Any CPU.Build.0 = Debug|Any CPU
		{E6E8761E-1185-4BD0-9462-EAE1A3183312}.Release|Any CPU.ActiveCfg = Release|Any CPU
		{E6E8761E-1185-4BD0-9462-EAE1A3183312}.Release|Any CPU.Build.0 = Release|Any CPU
		{6387A1C7-0AE9-4D3E-B579-D463C3C524EF}.Debug|Any CPU.ActiveCfg = Debug|Any CPU
		{6387A1C7-0AE9-4D3E-B579-D463C3C524EF}.Debug|Any CPU.Build.0 = Debug|Any CPU
		{6387A1C7-0AE9-4D3E-B579-D463C3C524EF}.Release|Any CPU.ActiveCfg = Release|Any CPU
		{6387A1C7-0AE9-4D3E-B579-D463C3C524EF}.Release|Any CPU.Build.0 = Release|Any CPU
		{6069B1FD-2580-4742-A17D-50AD4C897E8D}.Debug|Any CPU.ActiveCfg = Debug|Any CPU
		{6069B1FD-2580-4742-A17D-50AD4C897E8D}.Debug|Any CPU.Build.0 = Debug|Any CPU
		{6069B1FD-2580-4742-A17D-50AD4C897E8D}.Release|Any CPU.ActiveCfg = Release|Any CPU
		{6069B1FD-2580-4742-A17D-50AD4C897E8D}.Release|Any CPU.Build.0 = Release|Any CPU
		{69063302-848D-4AA0-B989-441367AD930D}.Debug|Any CPU.ActiveCfg = Debug|Any CPU
		{69063302-848D-4AA0-B989-441367AD930D}.Debug|Any CPU.Build.0 = Debug|Any CPU
		{69063302-848D-4AA0-B989-441367AD930D}.Release|Any CPU.ActiveCfg = Release|Any CPU
		{69063302-848D-4AA0-B989-441367AD930D}.Release|Any CPU.Build.0 = Release|Any CPU
		{46355770-F01A-43F1-A256-C207112E8FFC}.Debug|Any CPU.ActiveCfg = Debug|Any CPU
		{46355770-F01A-43F1-A256-C207112E8FFC}.Debug|Any CPU.Build.0 = Debug|Any CPU
		{46355770-F01A-43F1-A256-C207112E8FFC}.Release|Any CPU.ActiveCfg = Release|Any CPU
		{46355770-F01A-43F1-A256-C207112E8FFC}.Release|Any CPU.Build.0 = Release|Any CPU
		{C86A7299-BA1B-48C9-BB92-16DAD9B0EFF8}.Debug|Any CPU.ActiveCfg = Debug|Any CPU
		{C86A7299-BA1B-48C9-BB92-16DAD9B0EFF8}.Debug|Any CPU.Build.0 = Debug|Any CPU
		{C86A7299-BA1B-48C9-BB92-16DAD9B0EFF8}.Release|Any CPU.ActiveCfg = Release|Any CPU
		{C86A7299-BA1B-48C9-BB92-16DAD9B0EFF8}.Release|Any CPU.Build.0 = Release|Any CPU
		{97970BB7-F688-4CA4-A8F2-9938C13B66F9}.Debug|Any CPU.ActiveCfg = Debug|Any CPU
		{97970BB7-F688-4CA4-A8F2-9938C13B66F9}.Debug|Any CPU.Build.0 = Debug|Any CPU
		{97970BB7-F688-4CA4-A8F2-9938C13B66F9}.Release|Any CPU.ActiveCfg = Release|Any CPU
		{97970BB7-F688-4CA4-A8F2-9938C13B66F9}.Release|Any CPU.Build.0 = Release|Any CPU
		{6FB81A9B-AEAD-4A24-B4FC-8FB661A0441D}.Debug|Any CPU.ActiveCfg = Debug|Any CPU
		{6FB81A9B-AEAD-4A24-B4FC-8FB661A0441D}.Debug|Any CPU.Build.0 = Debug|Any CPU
		{6FB81A9B-AEAD-4A24-B4FC-8FB661A0441D}.Release|Any CPU.ActiveCfg = Release|Any CPU
		{6FB81A9B-AEAD-4A24-B4FC-8FB661A0441D}.Release|Any CPU.Build.0 = Release|Any CPU
		{B2976718-DC9C-4F30-A416-0C5A5B56E324}.Debug|Any CPU.ActiveCfg = Debug|Any CPU
		{B2976718-DC9C-4F30-A416-0C5A5B56E324}.Debug|Any CPU.Build.0 = Debug|Any CPU
		{B2976718-DC9C-4F30-A416-0C5A5B56E324}.Release|Any CPU.ActiveCfg = Release|Any CPU
		{B2976718-DC9C-4F30-A416-0C5A5B56E324}.Release|Any CPU.Build.0 = Release|Any CPU
		{D7A514D7-89D3-4B03-A404-26B53372AE90}.Debug|Any CPU.ActiveCfg = Debug|Any CPU
		{D7A514D7-89D3-4B03-A404-26B53372AE90}.Debug|Any CPU.Build.0 = Debug|Any CPU
		{D7A514D7-89D3-4B03-A404-26B53372AE90}.Release|Any CPU.ActiveCfg = Release|Any CPU
		{D7A514D7-89D3-4B03-A404-26B53372AE90}.Release|Any CPU.Build.0 = Release|Any CPU
		{F526F109-DDFE-443B-9B39-9AF2AC069192}.Debug|Any CPU.ActiveCfg = Debug|Any CPU
		{F526F109-DDFE-443B-9B39-9AF2AC069192}.Debug|Any CPU.Build.0 = Debug|Any CPU
		{F526F109-DDFE-443B-9B39-9AF2AC069192}.Release|Any CPU.ActiveCfg = Release|Any CPU
		{F526F109-DDFE-443B-9B39-9AF2AC069192}.Release|Any CPU.Build.0 = Release|Any CPU
	EndGlobalSection
	GlobalSection(SolutionProperties) = preSolution
		HideSolutionNode = FALSE
	EndGlobalSection
	GlobalSection(NestedProjects) = preSolution
		{E6E8761E-1185-4BD0-9462-EAE1A3183312} = {ACBFF43A-6303-4BB0-9578-65856742C260}
		{6069B1FD-2580-4742-A17D-50AD4C897E8D} = {ACBFF43A-6303-4BB0-9578-65856742C260}
		{69063302-848D-4AA0-B989-441367AD930D} = {ACBFF43A-6303-4BB0-9578-65856742C260}
		{ACBFF43A-6303-4BB0-9578-65856742C260} = {9B7E6B5C-BFA7-4BB6-A6FA-6F8238561E22}
		{46355770-F01A-43F1-A256-C207112E8FFC} = {ACBFF43A-6303-4BB0-9578-65856742C260}
		{C86A7299-BA1B-48C9-BB92-16DAD9B0EFF8} = {ACBFF43A-6303-4BB0-9578-65856742C260}
		{97970BB7-F688-4CA4-A8F2-9938C13B66F9} = {ACBFF43A-6303-4BB0-9578-65856742C260}
		{6FB81A9B-AEAD-4A24-B4FC-8FB661A0441D} = {ACBFF43A-6303-4BB0-9578-65856742C260}
		{B2976718-DC9C-4F30-A416-0C5A5B56E324} = {ACBFF43A-6303-4BB0-9578-65856742C260}
		{D7A514D7-89D3-4B03-A404-26B53372AE90} = {ACBFF43A-6303-4BB0-9578-65856742C260}
		{F526F109-DDFE-443B-9B39-9AF2AC069192} = {ACBFF43A-6303-4BB0-9578-65856742C260}
	EndGlobalSection
	GlobalSection(ExtensibilityGlobals) = postSolution
		SolutionGuid = {2A4E86AA-6B40-4462-9F22-47086F9D00DF}
	EndGlobalSection
EndGlobal
